
Microsoft Visual Studio Solution File, Format Version 12.00
# Visual Studio Version 16
VisualStudioVersion = 16.0.31025.194
MinimumVisualStudioVersion = 10.0.40219.1
Project("{2150E333-8FDC-42A3-9474-1A3956D46DE8}") = "Solution Items", "Solution Items", "{8A3E97DE-FAE2-4140-8C63-4C601FFF905A}"
	ProjectSection(SolutionItems) = preProject
		ReadMe.md = ReadMe.md
	EndProjectSection
EndProject
Project("{FAE04EC0-301F-11D3-BF4B-00C04F79EFBC}") = "ServiceLibrary", "ServiceLibrary\ServiceLibrary.csproj", "{089AC9D7-1555-46EB-9176-1A68352412D1}"
EndProject
Project("{FAE04EC0-301F-11D3-BF4B-00C04F79EFBC}") = "ServiceWorker", "ServiceWorker\ServiceWorker.csproj", "{8A4B0B38-6ED1-4014-8D94-3D68BD9D1B5E}"
EndProject
Project("{FAE04EC0-301F-11D3-BF4B-00C04F79EFBC}") = "ServiceClient", "ServiceClient\ServiceClient.csproj", "{9F632F11-A84E-45EF-9CD2-102F2DE1ABFE}"
EndProject
Global
	GlobalSection(SolutionConfigurationPlatforms) = preSolution
		Debug|Any CPU = Debug|Any CPU
		Release|Any CPU = Release|Any CPU
	EndGlobalSection
	GlobalSection(ProjectConfigurationPlatforms) = postSolution
		{089AC9D7-1555-46EB-9176-1A68352412D1}.Debug|Any CPU.ActiveCfg = Debug|Any CPU
		{089AC9D7-1555-46EB-9176-1A68352412D1}.Debug|Any CPU.Build.0 = Debug|Any CPU
		{089AC9D7-1555-46EB-9176-1A68352412D1}.Release|Any CPU.ActiveCfg = Release|Any CPU
		{089AC9D7-1555-46EB-9176-1A68352412D1}.Release|Any CPU.Build.0 = Release|Any CPU
		{8A4B0B38-6ED1-4014-8D94-3D68BD9D1B5E}.Debug|Any CPU.ActiveCfg = Debug|Any CPU
		{8A4B0B38-6ED1-4014-8D94-3D68BD9D1B5E}.Debug|Any CPU.Build.0 = Debug|Any CPU
		{8A4B0B38-6ED1-4014-8D94-3D68BD9D1B5E}.Release|Any CPU.ActiveCfg = Release|Any CPU
		{8A4B0B38-6ED1-4014-8D94-3D68BD9D1B5E}.Release|Any CPU.Build.0 = Release|Any CPU
		{9F632F11-A84E-45EF-9CD2-102F2DE1ABFE}.Debug|Any CPU.ActiveCfg = Debug|Any CPU
		{9F632F11-A84E-45EF-9CD2-102F2DE1ABFE}.Debug|Any CPU.Build.0 = Debug|Any CPU
		{9F632F11-A84E-45EF-9CD2-102F2DE1ABFE}.Release|Any CPU.ActiveCfg = Release|Any CPU
		{9F632F11-A84E-45EF-9CD2-102F2DE1ABFE}.Release|Any CPU.Build.0 = Release|Any CPU
	EndGlobalSection
	GlobalSection(SolutionProperties) = preSolution
		HideSolutionNode = FALSE
	EndGlobalSection
	GlobalSection(ExtensibilityGlobals) = postSolution
		SolutionGuid = {BB595BE4-A70A-421B-9F00-A31C96FDFD3F}
	EndGlobalSection
EndGlobal
